
Microsoft Visual Studio Solution File, Format Version 12.00
# Visual Studio 15
Project("{FAE04EC0-301F-11D3-BF4B-00C04F79EFBC}") = "Assembly-CSharp", "Assembly-CSharp.csproj", "{3037CE80-6A6A-02F1-B646-6AF728B49AED}"
EndProject
Project("{FAE04EC0-301F-11D3-BF4B-00C04F79EFBC}") = "Unity.Networking.Transport", "Unity.Networking.Transport.csproj", "{ECC6072A-E593-4C4C-8D44-3E6BACDDE3AE}"
EndProject
Project("{FAE04EC0-301F-11D3-BF4B-00C04F79EFBC}") = "Tests", "Tests.csproj", "{C6DE4CD9-E1DA-6E6F-B3EC-2F53C096A1AB}"
EndProject
Global
	GlobalSection(SolutionConfigurationPlatforms) = preSolution
		Debug|Any CPU = Debug|Any CPU
		Release|Any CPU = Release|Any CPU
	EndGlobalSection
	GlobalSection(ProjectConfigurationPlatforms) = postSolution
		{3037CE80-6A6A-02F1-B646-6AF728B49AED}.Debug|Any CPU.ActiveCfg = Debug|Any CPU
		{3037CE80-6A6A-02F1-B646-6AF728B49AED}.Debug|Any CPU.Build.0 = Debug|Any CPU
		{3037CE80-6A6A-02F1-B646-6AF728B49AED}.Release|Any CPU.ActiveCfg = Release|Any CPU
		{3037CE80-6A6A-02F1-B646-6AF728B49AED}.Release|Any CPU.Build.0 = Release|Any CPU
		{ECC6072A-E593-4C4C-8D44-3E6BACDDE3AE}.Debug|Any CPU.ActiveCfg = Debug|Any CPU
		{ECC6072A-E593-4C4C-8D44-3E6BACDDE3AE}.Debug|Any CPU.Build.0 = Debug|Any CPU
		{ECC6072A-E593-4C4C-8D44-3E6BACDDE3AE}.Release|Any CPU.ActiveCfg = Release|Any CPU
		{ECC6072A-E593-4C4C-8D44-3E6BACDDE3AE}.Release|Any CPU.Build.0 = Release|Any CPU
		{C6DE4CD9-E1DA-6E6F-B3EC-2F53C096A1AB}.Debug|Any CPU.ActiveCfg = Debug|Any CPU
		{C6DE4CD9-E1DA-6E6F-B3EC-2F53C096A1AB}.Debug|Any CPU.Build.0 = Debug|Any CPU
		{C6DE4CD9-E1DA-6E6F-B3EC-2F53C096A1AB}.Release|Any CPU.ActiveCfg = Release|Any CPU
		{C6DE4CD9-E1DA-6E6F-B3EC-2F53C096A1AB}.Release|Any CPU.Build.0 = Release|Any CPU
	EndGlobalSection
	GlobalSection(SolutionProperties) = preSolution
		HideSolutionNode = FALSE
	EndGlobalSection
EndGlobal
